Microsoft Visual Studio Solution File, Format Version 12.00
# Visual Studio Version 17
VisualStudioVersion = 17.5.2.0
MinimumVisualStudioVersion = 10.0.40219.1
Project("{FAE04EC0-301F-11D3-BF4B-00C04F79EFBC}") = "SmartNameplate.Api", "backend\SmartNameplate.Api.csproj", "{048777C2-C4B3-26AB-375D-E39ACC4FAD31}"
EndProject
Global
	GlobalSection(SolutionConfigurationPlatforms) = preSolution
		Debug|Any CPU = Debug|Any CPU
		Release|Any CPU = Release|Any CPU
	EndGlobalSection
	GlobalSection(ProjectConfigurationPlatforms) = postSolution
		{048777C2-C4B3-26AB-375D-E39ACC4FAD31}.Debug|Any CPU.ActiveCfg = Debug|Any CPU
		{048777C2-C4B3-26AB-375D-E39ACC4FAD31}.Debug|Any CPU.Build.0 = Debug|Any CPU
		{048777C2-C4B3-26AB-375D-E39ACC4FAD31}.Release|Any CPU.ActiveCfg = Release|Any CPU
		{048777C2-C4B3-26AB-375D-E39ACC4FAD31}.Release|Any CPU.Build.0 = Release|Any CPU
	EndGlobalSection
	GlobalSection(SolutionProperties) = preSolution
		HideSolutionNode = FALSE
	EndGlobalSection
	GlobalSection(ExtensibilityGlobals) = postSolution
		SolutionGuid = {D2F10718-B8E7-4AB7-ABDD-6DD79B4B2510}
	EndGlobalSection
EndGlobal
